// !$*UTF8*$!
{
	archiveVersion = 1;
	classes = {
	};
	objectVersion = 55;
	objects = {

/* Begin PBXBuildFile section */
		668853A128089EE10026347E /* AppDelegate.swift in Sources */ = {isa = PBXBuildFile; fileRef = 668853A028089EE10026347E /* AppDelegate.swift */; };
		668853A328089EE10026347E /* SceneDelegate.swift in Sources */ = {isa = PBXBuildFile; fileRef = 668853A228089EE10026347E /* SceneDelegate.swift */; };
		668853A828089EE10026347E /* Main.storyboard in Resources */ = {isa = PBXBuildFile; fileRef = 668853A628089EE10026347E /* Main.storyboard */; };
		668853AA28089EE20026347E /* Assets.xcassets in Resources */ = {isa = PBXBuildFile; fileRef = 668853A928089EE20026347E /* Assets.xcassets */; };
		668853AD28089EE20026347E /* LaunchScreen.storyboard in Resources */ = {isa = PBXBuildFile; fileRef = 668853AB28089EE20026347E /* LaunchScreen.storyboard */; };
		669763792808A0F60075B5B1 /* DiscoverController.swift in Sources */ = {isa = PBXBuildFile; fileRef = 669763782808A0F60075B5B1 /* DiscoverController.swift */; };
		6697637B2808A1360075B5B1 /* API.swift in Sources */ = {isa = PBXBuildFile; fileRef = 6697637A2808A1360075B5B1 /* API.swift */; };
		66F62B7A2811CAED00D7B891 /* SearchController.swift in Sources */ = {isa = PBXBuildFile; fileRef = 66F62B792811CAED00D7B891 /* SearchController.swift */; };
		66F62B7C2811CB2800D7B891 /* SearchControllerSheet.swift in Sources */ = {isa = PBXBuildFile; fileRef = 66F62B7B2811CB2800D7B891 /* SearchControllerSheet.swift */; };
		66F62B7E2811CFC300D7B891 /* DiscoverAPI.swift in Sources */ = {isa = PBXBuildFile; fileRef = 66F62B7D2811CFC300D7B891 /* DiscoverAPI.swift */; };
/* End PBXBuildFile section */

/* Begin PBXFileReference section */
		6688539D28089EE10026347E /* ITSE-movie-db.app */ = {isa = PBXFileReference; explicitFileType = wrapper.application; includeInIndex = 0; path = "ITSE-movie-db.app"; sourceTree = BUILT_PRODUCTS_DIR; };
		668853A028089EE10026347E /* AppDelegate.swift */ = {isa = PBXFileReference; lastKnownFileType = sourcecode.swift; path = AppDelegate.swift; sourceTree = "<group>"; };
		668853A228089EE10026347E /* SceneDelegate.swift */ = {isa = PBXFileReference; lastKnownFileType = sourcecode.swift; path = SceneDelegate.swift; sourceTree = "<group>"; };
		668853A728089EE10026347E /* Base */ = {isa = PBXFileReference; lastKnownFileType = file.storyboard; name = Base; path = Base.lproj/Main.storyboard; sourceTree = "<group>"; };
		668853A928089EE20026347E /* Assets.xcassets */ = {isa = PBXFileReference; lastKnownFileType = folder.assetcatalog; path = Assets.xcassets; sourceTree = "<group>"; };
		668853AC28089EE20026347E /* Base */ = {isa = PBXFileReference; lastKnownFileType = file.storyboard; name = Base; path = Base.lproj/LaunchScreen.storyboard; sourceTree = "<group>"; };
		668853AE28089EE20026347E /* Info.plist */ = {isa = PBXFileReference; lastKnownFileType = text.plist.xml; path = Info.plist; sourceTree = "<group>"; };
		669763782808A0F60075B5B1 /* DiscoverController.swift */ = {isa = PBXFileReference; lastKnownFileType = sourcecode.swift; path = DiscoverController.swift; sourceTree = "<group>"; };
		6697637A2808A1360075B5B1 /* API.swift */ = {isa = PBXFileReference; lastKnownFileType = sourcecode.swift; path = API.swift; sourceTree = "<group>"; };
		66F62B792811CAED00D7B891 /* SearchController.swift */ = {isa = PBXFileReference; lastKnownFileType = sourcecode.swift; path = SearchController.swift; sourceTree = "<group>"; };
		66F62B7B2811CB2800D7B891 /* SearchControllerSheet.swift */ = {isa = PBXFileReference; lastKnownFileType = sourcecode.swift; path = SearchControllerSheet.swift; sourceTree = "<group>"; };
		66F62B7D2811CFC300D7B891 /* DiscoverAPI.swift */ = {isa = PBXFileReference; lastKnownFileType = sourcecode.swift; path = DiscoverAPI.swift; sourceTree = "<group>"; };
/* End PBXFileReference section */

/* Begin PBXFrameworksBuildPhase section */
		6688539A28089EE10026347E /* Frameworks */ = {
			isa = PBXFrameworksBuildPhase;
			buildActionMask = 2147483647;
			files = (
			);
			runOnlyForDeploymentPostprocessing = 0;
		};
/* End PBXFrameworksBuildPhase section */

/* Begin PBXGroup section */
		6688539428089EE10026347E = {
			isa = PBXGroup;
			children = (
				6688539F28089EE10026347E /* ITSE-movie-db */,
				6688539E28089EE10026347E /* Products */,
			);
			sourceTree = "<group>";
		};
		6688539E28089EE10026347E /* Products */ = {
			isa = PBXGroup;
			children = (
				6688539D28089EE10026347E /* ITSE-movie-db.app */,
			);
			name = Products;
			sourceTree = "<group>";
		};
		6688539F28089EE10026347E /* ITSE-movie-db */ = {
			isa = PBXGroup;
			children = (
				668853A028089EE10026347E /* AppDelegate.swift */,
				668853A228089EE10026347E /* SceneDelegate.swift */,
				6697637D2808A23A0075B5B1 /* API */,
				6697637C2808A2340075B5B1 /* Views */,
				668853A928089EE20026347E /* Assets.xcassets */,
				668853AE28089EE20026347E /* Info.plist */,
			);
			path = "ITSE-movie-db";
			sourceTree = "<group>";
		};
		6697637C2808A2340075B5B1 /* Views */ = {
			isa = PBXGroup;
			children = (
				669763782808A0F60075B5B1 /* DiscoverController.swift */,
				66F62B792811CAED00D7B891 /* SearchController.swift */,
				66F62B7B2811CB2800D7B891 /* SearchControllerSheet.swift */,
				6697637E2808A24C0075B5B1 /* Storyboards */,
			);
			path = Views;
			sourceTree = "<group>";
		};
		6697637D2808A23A0075B5B1 /* API */ = {
			isa = PBXGroup;
			children = (
				6697637A2808A1360075B5B1 /* API.swift */,
				66F62B7D2811CFC300D7B891 /* DiscoverAPI.swift */,
			);
			path = API;
			sourceTree = "<group>";
		};
		6697637E2808A24C0075B5B1 /* Storyboards */ = {
			isa = PBXGroup;
			children = (
				668853A628089EE10026347E /* Main.storyboard */,
				668853AB28089EE20026347E /* LaunchScreen.storyboard */,
			);
			path = Storyboards;
			sourceTree = "<group>";
		};
/* End PBXGroup section */

/* Begin PBXNativeTarget section */
		6688539C28089EE10026347E /* ITSE-movie-db */ = {
			isa = PBXNativeTarget;
			buildConfigurationList = 668853B128089EE20026347E /* Build configuration list for PBXNativeTarget "ITSE-movie-db" */;
			buildPhases = (
				6688539928089EE10026347E /* Sources */,
				6688539A28089EE10026347E /* Frameworks */,
				6688539B28089EE10026347E /* Resources */,
			);
			buildRules = (
			);
			dependencies = (
			);
			name = "ITSE-movie-db";
			productName = "ITSE-movie-db";
			productReference = 6688539D28089EE10026347E /* ITSE-movie-db.app */;
			productType = "com.apple.product-type.application";
		};
/* End PBXNativeTarget section */

/* Begin PBXProject section */
		6688539528089EE10026347E /* Project object */ = {
			isa = PBXProject;
			attributes = {
				BuildIndependentTargetsInParallel = 1;
				LastSwiftUpdateCheck = 1310;
				LastUpgradeCheck = 1310;
				TargetAttributes = {
					6688539C28089EE10026347E = {
						CreatedOnToolsVersion = 13.1;
					};
				};
			};
			buildConfigurationList = 6688539828089EE10026347E /* Build configuration list for PBXProject "ITSE-movie-db" */;
			compatibilityVersion = "Xcode 13.0";
			developmentRegion = en;
			hasScannedForEncodings = 0;
			knownRegions = (
				en,
				Base,
			);
			mainGroup = 6688539428089EE10026347E;
			productRefGroup = 6688539E28089EE10026347E /* Products */;
			projectDirPath = "";
			projectRoot = "";
			targets = (
				6688539C28089EE10026347E /* ITSE-movie-db */,
			);
		};
/* End PBXProject section */

/* Begin PBXResourcesBuildPhase section */
		6688539B28089EE10026347E /* Resources */ = {
			isa = PBXResourcesBuildPhase;
			buildActionMask = 2147483647;
			files = (
				668853AD28089EE20026347E /* LaunchScreen.storyboard in Resources */,
				668853AA28089EE20026347E /* Assets.xcassets in Resources */,
				668853A828089EE10026347E /* Main.storyboard in Resources */,
			);
			runOnlyForDeploymentPostprocessing = 0;
		};
/* End PBXResourcesBuildPhase section */

/* Begin PBXSourcesBuildPhase section */
		6688539928089EE10026347E /* Sources */ = {
			isa = PBXSourcesBuildPhase;
			buildActionMask = 2147483647;
			files = (
				668853A128089EE10026347E /* AppDelegate.swift in Sources */,
				66F62B7C2811CB2800D7B891 /* SearchControllerSheet.swift in Sources */,
				66F62B7A2811CAED00D7B891 /* SearchController.swift in Sources */,
				669763792808A0F60075B5B1 /* DiscoverController.swift in Sources */,
				66F62B7E2811CFC300D7B891 /* DiscoverAPI.swift in Sources */,
				6697637B2808A1360075B5B1 /* API.swift in Sources */,
				668853A328089EE10026347E /* SceneDelegate.swift in Sources */,
			);
			runOnlyForDeploymentPostprocessing = 0;
		};
/* End PBXSourcesBuildPhase section */

/* Begin PBXVariantGroup section */
		668853A628089EE10026347E /* Main.storyboard */ = {
			isa = PBXVariantGroup;
			children = (
				668853A728089EE10026347E /* Base */,
			);
			name = Main.storyboard;
			sourceTree = "<group>";
		};
		668853AB28089EE20026347E /* LaunchScreen.storyboard */ = {
			isa = PBXVariantGroup;
			children = (
				668853AC28089EE20026347E /* Base */,
			);
			name = LaunchScreen.storyboard;
			sourceTree = "<group>";
		};
/* End PBXVariantGroup section */

/* Begin XCBuildConfiguration section */
		668853AF28089EE20026347E /* Debug */ = {
			isa = XCBuildConfiguration;
			buildSettings = {
				ALWAYS_SEARCH_USER_PATHS = NO;
				CLANG_ANALYZER_NONNULL = YES;
				CLANG_ANALYZER_NUMBER_OBJECT_CONVERSION = YES_AGGRESSIVE;
				CLANG_CXX_LANGUAGE_STANDARD = "gnu++17";
				CLANG_CXX_LIBRARY = "libc++";
				CLANG_ENABLE_MODULES = YES;
				CLANG_ENABLE_OBJC_ARC = YES;
				CLANG_ENABLE_OBJC_WEAK = YES;
				CLANG_WARN_BLOCK_CAPTURE_AUTORELEASING = YES;
				CLANG_WARN_BOOL_CONVERSION = YES;
				CLANG_WARN_COMMA = YES;
				CLANG_WARN_CONSTANT_CONVERSION = YES;
				CLANG_WARN_DEPRECATED_OBJC_IMPLEMENTATIONS = YES;
				CLANG_WARN_DIRECT_OBJC_ISA_USAGE = YES_ERROR;
				CLANG_WARN_DOCUMENTATION_COMMENTS = YES;
				CLANG_WARN_EMPTY_BODY = YES;
				CLANG_WARN_ENUM_CONVERSION = YES;
				CLANG_WARN_INFINITE_RECURSION = YES;
				CLANG_WARN_INT_CONVERSION = YES;
				CLANG_WARN_NON_LITERAL_NULL_CONVERSION = YES;
				CLANG_WARN_OBJC_IMPLICIT_RETAIN_SELF = YES;
				CLANG_WARN_OBJC_LITERAL_CONVERSION = YES;
				CLANG_WARN_OBJC_ROOT_CLASS = YES_ERROR;
				CLANG_WARN_QUOTED_INCLUDE_IN_FRAMEWORK_HEADER = YES;
				CLANG_WARN_RANGE_LOOP_ANALYSIS = YES;
				CLANG_WARN_STRICT_PROTOTYPES = YES;
				CLANG_WARN_SUSPICIOUS_MOVE = YES;
				CLANG_WARN_UNGUARDED_AVAILABILITY = YES_AGGRESSIVE;
				CLANG_WARN_UNREACHABLE_CODE = YES;
				CLANG_WARN__DUPLICATE_METHOD_MATCH = YES;
				COPY_PHASE_STRIP = NO;
				DEBUG_INFORMATION_FORMAT = dwarf;
				ENABLE_STRICT_OBJC_MSGSEND = YES;
				ENABLE_TESTABILITY = YES;
				GCC_C_LANGUAGE_STANDARD = gnu11;
				GCC_DYNAMIC_NO_PIC = NO;
				GCC_NO_COMMON_BLOCKS = YES;
				GCC_OPTIMIZATION_LEVEL = 0;
				GCC_PREPROCESSOR_DEFINITIONS = (
					"DEBUG=1",
					"$(inherited)",
				);
				GCC_WARN_64_TO_32_BIT_CONVERSION = YES;
				GCC_WARN_ABOUT_RETURN_TYPE = YES_ERROR;
				GCC_WARN_UNDECLARED_SELECTOR = YES;
				GCC_WARN_UNINITIALIZED_AUTOS = YES_AGGRESSIVE;
				GCC_WARN_UNUSED_FUNCTION = YES;
				GCC_WARN_UNUSED_VARIABLE = YES;
				IPHONEOS_DEPLOYMENT_TARGET = 15.0;
				MTL_ENABLE_DEBUG_INFO = INCLUDE_SOURCE;
				MTL_FAST_MATH = YES;
				ONLY_ACTIVE_ARCH = YES;
				SDKROOT = iphoneos;
				SWIFT_ACTIVE_COMPILATION_CONDITIONS = DEBUG;
				SWIFT_OPTIMIZATION_LEVEL = "-Onone";
			};
			name = Debug;
		};
		668853B028089EE20026347E /* Release */ = {
			isa = XCBuildConfiguration;
			buildSettings = {
				ALWAYS_SEARCH_USER_PATHS = NO;
				CLANG_ANALYZER_NONNULL = YES;
				CLANG_ANALYZER_NUMBER_OBJECT_CONVERSION = YES_AGGRESSIVE;
				CLANG_CXX_LANGUAGE_STANDARD = "gnu++17";
				CLANG_CXX_LIBRARY = "libc++";
				CLANG_ENABLE_MODULES = YES;
				CLANG_ENABLE_OBJC_ARC = YES;
				CLANG_ENABLE_OBJC_WEAK = YES;
				CLANG_WARN_BLOCK_CAPTURE_AUTORELEASING = YES;
				CLANG_WARN_BOOL_CONVERSION = YES;
				CLANG_WARN_COMMA = YES;
				CLANG_WARN_CONSTANT_CONVERSION = YES;
				CLANG_WARN_DEPRECATED_OBJC_IMPLEMENTATIONS = YES;
				CLANG_WARN_DIRECT_OBJC_ISA_USAGE = YES_ERROR;
				CLANG_WARN_DOCUMENTATION_COMMENTS = YES;
				CLANG_WARN_EMPTY_BODY = YES;
				CLANG_WARN_ENUM_CONVERSION = YES;
				CLANG_WARN_INFINITE_RECURSION = YES;
				CLANG_WARN_INT_CONVERSION = YES;
				CLANG_WARN_NON_LITERAL_NULL_CONVERSION = YES;
				CLANG_WARN_OBJC_IMPLICIT_RETAIN_SELF = YES;
				CLANG_WARN_OBJC_LITERAL_CONVERSION = YES;
				CLANG_WARN_OBJC_ROOT_CLASS = YES_ERROR;
				CLANG_WARN_QUOTED_INCLUDE_IN_FRAMEWORK_HEADER = YES;
				CLANG_WARN_RANGE_LOOP_ANALYSIS = YES;
				CLANG_WARN_STRICT_PROTOTYPES = YES;
				CLANG_WARN_SUSPICIOUS_MOVE = YES;
				CLANG_WARN_UNGUARDED_AVAILABILITY = YES_AGGRESSIVE;
				CLANG_WARN_UNREACHABLE_CODE = YES;
				CLANG_WARN__DUPLICATE_METHOD_MATCH = YES;
				COPY_PHASE_STRIP = NO;
				DEBUG_INFORMATION_FORMAT = "dwarf-with-dsym";
				ENABLE_NS_ASSERTIONS = NO;
				ENABLE_STRICT_OBJC_MSGSEND = YES;
				GCC_C_LANGUAGE_STANDARD = gnu11;
				GCC_NO_COMMON_BLOCKS = YES;
				GCC_WARN_64_TO_32_BIT_CONVERSION = YES;
				GCC_WARN_ABOUT_RETURN_TYPE = YES_ERROR;
				GCC_WARN_UNDECLARED_SELECTOR = YES;
				GCC_WARN_UNINITIALIZED_AUTOS = YES_AGGRESSIVE;
				GCC_WARN_UNUSED_FUNCTION = YES;
				GCC_WARN_UNUSED_VARIABLE = YES;
				IPHONEOS_DEPLOYMENT_TARGET = 15.0;
				MTL_ENABLE_DEBUG_INFO = NO;
				MTL_FAST_MATH = YES;
				SDKROOT = iphoneos;
				SWIFT_COMPILATION_MODE = wholemodule;
				SWIFT_OPTIMIZATION_LEVEL = "-O";
				VALIDATE_PRODUCT = YES;
			};
			name = Release;
		};
		668853B228089EE20026347E /* Debug */ = {
			isa = XCBuildConfiguration;
			buildSettings = {
				ASSETCATALOG_COMPILER_APPICON_NAME = AppIcon;
				ASSETCATALOG_COMPILER_GLOBAL_ACCENT_COLOR_NAME = AccentColor;
				CODE_SIGN_STYLE = Automatic;
				CURRENT_PROJECT_VERSION = 1;
				DEVELOPMENT_TEAM = 6S4L29QT59;
				GENERATE_INFOPLIST_FILE = YES;
				INFOPLIST_FILE = "ITSE-movie-db/Info.plist";
				INFOPLIST_KEY_UIApplicationSupportsIndirectInputEvents = YES;
				INFOPLIST_KEY_UILaunchStoryboardName = LaunchScreen;
				INFOPLIST_KEY_UIMainStoryboardFile = Main;
				INFOPLIST_KEY_UISupportedInterfaceOrientations = UIInterfaceOrientationPortrait;
				INFOPLIST_KEY_UISupportedInterfaceOrientations_iPad = "UIInterfaceOrientationPortrait UIInterfaceOrientationPortraitUpsideDown UIInterfaceOrientationLandscapeLeft UIInterfaceOrientationLandscapeRight";
				INFOPLIST_KEY_UISupportedInterfaceOrientations_iPhone = "UIInterfaceOrientationPortrait UIInterfaceOrientationLandscapeLeft UIInterfaceOrientationLandscapeRight";
				LD_RUNPATH_SEARCH_PATHS = (
					"$(inherited)",
					"@executable_path/Frameworks",
				);
				MARKETING_VERSION = 1.0;
				PRODUCT_BUNDLE_IDENTIFIER = "io.matrixstudios.ITSE-movie-db";
				PRODUCT_NAME = "$(TARGET_NAME)";
				SWIFT_EMIT_LOC_STRINGS = YES;
				SWIFT_VERSION = 5.0;
				TARGETED_DEVICE_FAMILY = 1;
			};
			name = Debug;
		};
		668853B328089EE20026347E /* Release */ = {
			isa = XCBuildConfiguration;
			buildSettings = {
				ASSETCATALOG_COMPILER_APPICON_NAME = AppIcon;
				ASSETCATALOG_COMPILER_GLOBAL_ACCENT_COLOR_NAME = AccentColor;
				CODE_SIGN_STYLE = Automatic;
				CURRENT_PROJECT_VERSION = 1;
				DEVELOPMENT_TEAM = 6S4L29QT59;
				GENERATE_INFOPLIST_FILE = YES;
				INFOPLIST_FILE = "ITSE-movie-db/Info.plist";
				INFOPLIST_KEY_UIApplicationSupportsIndirectInputEvents = YES;
				INFOPLIST_KEY_UILaunchStoryboardName = LaunchScreen;
				INFOPLIST_KEY_UIMainStoryboardFile = Main;
				INFOPLIST_KEY_UISupportedInterfaceOrientations = UIInterfaceOrientationPortrait;
				INFOPLIST_KEY_UISupportedInterfaceOrientations_iPad = "UIInterfaceOrientationPortrait UIInterfaceOrientationPortraitUpsideDown UIInterfaceOrientationLandscapeLeft UIInterfaceOrientationLandscapeRight";
				INFOPLIST_KEY_UISupportedInterfaceOrientations_iPhone = "UIInterfaceOrientationPortrait UIInterfaceOrientationLandscapeLeft UIInterfaceOrientationLandscapeRight";
				LD_RUNPATH_SEARCH_PATHS = (
					"$(inherited)",
					"@executable_path/Frameworks",
				);
				MARKETING_VERSION = 1.0;
				PRODUCT_BUNDLE_IDENTIFIER = "io.matrixstudios.ITSE-movie-db";
				PRODUCT_NAME = "$(TARGET_NAME)";
				SWIFT_EMIT_LOC_STRINGS = YES;
				SWIFT_VERSION = 5.0;
				TARGETED_DEVICE_FAMILY = 1;
			};
			name = Release;
		};
/* End XCBuildConfiguration section */

/* Begin XCConfigurationList section */
		6688539828089EE10026347E /* Build configuration list for PBXProject "ITSE-movie-db" */ = {
			isa = XCConfigurationList;
			buildConfigurations = (
				668853AF28089EE20026347E /* Debug */,
				668853B028089EE20026347E /* Release */,
			);
			defaultConfigurationIsVisible = 0;
			defaultConfigurationName = Release;
		};
		668853B128089EE20026347E /* Build configuration list for PBXNativeTarget "ITSE-movie-db" */ = {
			isa = XCConfigurationList;
			buildConfigurations = (
				668853B228089EE20026347E /* Debug */,
				668853B328089EE20026347E /* Release */,
			);
			defaultConfigurationIsVisible = 0;
			defaultConfigurationName = Release;
		};
/* End XCConfigurationList section */
	};
	rootObject = 6688539528089EE10026347E /* Project object */;
}
